{
  "name": "disco",
  "version": "1.0.0",
  "lockfileVersion": 3,
  "requires": true,
  "packages": {
    "": {
      "name": "disco",
      "version": "1.0.0",
      "private": true,
      "dependencies": {
        "@google/genai": "^0.15.0",
        "react": "^18.2.0",
        "react-dom": "^18.2.0",
        "react-router-dom": "^6.25.1"
      },
      "devDependencies": {
        "@types/node": "^20.14.2",
        "@types/react": "^18.3.3",
        "@types/react-dom": "^18.3.0",
        "@vitejs/plugin-react": "^4.3.1",
        "typescript": "^5.5.3",
        "vite": "^5.3.3"
      }
    },
    "node_modules/@babel/parser": {
      "version": "7.24.7",
      "resolved": "https://registry.npmjs.org/@babel/parser/-/parser-7.24.7.tgz",
      "integrity": "sha512-Iu5h2K9QZ82vAP1iG5g1QzQy3iFNRVfEvAmdSo3F4+ftxPge2f9NdM224uPmM2n2EVTdnkUfM5WqAGG0s01t4Q==",
      "dev": true,
      "license": "MIT",
      "engines": {
        "node": ">=6.0.0"
      }
    },
    "node_modules/@google/genai": {
      "version": "0.15.0",
      "resolved": "https://registry.npmjs.org/@google/genai/-/genai-0.15.0.tgz",
      "integrity": "sha512-RzW41rWBwWcGCw4xQo3aCqQk0C3V3kac+q1fJkvEHQE7QjH4n2v9dDxK4b3yL9vL2n7rLq1g0b+kKz7T+oK0/Q==",
      "license": "Apache-2.0",
      "engines": {
        "node": ">=18.0.0"
      }
    },
    "node_modules/@rollup/rollup-android-arm-eabi": {
      "version": "4.18.0",
      "resolved": "https://registry.npmjs.org/@rollup/rollup-android-arm-eabi/-/rollup-android-arm-eabi-4.18.0.tgz",
      "integrity": "sha512-A0nAUfXidA0jP3F50AINjTzF5aNF5wOT+CNpEz2VcF0hkP5j2w0znh3P0LqwqfQK4wYdSh0BQUf2eK5S+cQ82w==",
      "cpu": [
        "arm"
      ],
      "dev": true,
      "license": "MIT",
      "optional": true,
      "os": [
        "android"
      ],
      "engines": {
        "node": ">=18.0.0"
      }
    },
    "node_modules/@rollup/rollup-android-arm64": {
      "version": "4.18.0",
      "resolved": "https://registry.npmjs.org/@rollup/rollup-android-arm64/-/rollup-android-arm64-4.18.0.tgz",
      "integrity": "sha512-PsUFX/i7PV2i7u28s1s2lPjcw56Lo7yZ2msT5T3HvbDIwS22k5o9hJp0k3o22P+4vT2g8wugL54d/7tG6+13Fg==",
      "cpu": [
        "arm64"
      ],
      "dev": true,
      "license": "MIT",
      "optional": true,
      "os": [
        "android"
      ],
      "engines": {
        "node": ">=18.0.0"
      }
    },
    "node_modules/@rollup/rollup-darwin-arm64": {
      "version": "4.18.0",
      "resolved": "https://registry.npmjs.org/@rollup/rollup-darwin-arm64/-/rollup-darwin-arm64-4.18.0.tgz",
      "integrity": "sha512-fshW82vY1gA/0Ym2p7F/yDFn+VKy35R2w/pDq3JjBfY+85nZwLcSJk45kcgNehQ1Vvj9sLA8nS6+yJ7g9H6Dtw==",
      "cpu": [
        "arm64"
      ],
      "dev": true,
      "license": "MIT",
      "optional": true,
      "os": [
        "darwin"
      ],
      "engines": {
        "node": ">=18.0.0"
      }
    },
    "node_modules/@rollup/rollup-darwin-x64": {
      "version": "4.18.0",
      "resolved": "https://registry.npmjs.org/@rollup/rollup-darwin-x64/-/rollup-darwin-x64-4.18.0.tgz",
      "integrity": "sha512-YmEhmwK8G0jNIv1yFwG11D0vL5fXzM/uCCh/7+0aYJb7U+0d9v+tii6V5i+VzJ04kY3pQyqK19WJG/mHCA==",
      "cpu": [
        "x64"
      ],
      "dev": true,
      "license": "MIT",
      "optional": true,
      "os": [
        "darwin"
      ],
      "engines": {
        "node": ">=18.0.0"
      }
    },
    "node_modules/@rollup/rollup-linux-arm-gnueabihf": {
      "version": "4.18.0",
      "resolved": "https://registry.npmjs.org/@rollup/rollup-linux-arm-gnueabihf/-/rollup-linux-arm-gnueabihf-4.18.0.tgz",
      "integrity": "sha512-70bS9+eG7f8hN0WnCgLg+zMlwC2a3X1C8i6L+S8sP1gXyP/w7w0c2yDkP6cZ45y5b5x+G+b+Q/1WRA==",
      "cpu": [
        "arm"
      ],
      "dev": true,
      "license": "MIT",
      "optional": true,
      "os": [
        "linux"
      ],
      "engines": {
        "node": ">=18.0.0"
      }
    },
    "node_modules/@rollup/rollup-linux-arm64-gnu": {
      "version": "4.18.0",
      "resolved": "https://registry.npmjs.org/@rollup/rollup-linux-arm64-gnu/-/rollup-linux-arm64-gnu-4.18.0.tgz",
      "integrity": "sha512-gS48u87w6pL8BqP3q1u3L8u+kPk+d5eI3mJqR/sO2MvNLYm+3QcE7Q8p+Mmh195wY/j9S3xNl5DmLGj8+A==",
      "cpu": [
        "arm64"
      ],
      "dev": true,
      "license": "MIT",
      "optional": true,
      "os": [
        "linux"
      ],
      "engines": {
        "node": ">=18.0.0"
      }
    },
    "node_modules/@rollup/rollup-linux-arm64-musl": {
      "version": "4.18.0",
      "resolved": "https://registry.npmjs.org/@rollup/rollup-linux-arm64-musl/-/rollup-linux-arm64-musl-4.18.0.tgz",
      "integrity": "sha512-YJqJt8zUa/Q24s2yv1F+1+YgRkSlJgK+TAlj5S+mGkSjU+G0j+Qe8uG+eE/p+d6b4i/qGfQc2tYjG9lXJA==",
      "cpu": [
        "arm64"
      ],
      "dev": true,
      "license": "MIT",
      "optional": true,
      "os": [
        "linux"
      ],
      "engines": {
        "node": ">=18.0.0"
      }
    },
    "node_modules/@rollup/rollup-linux-x64-gnu": {
      "version": "4.18.0",
      "resolved": "https://registry.npmjs.org/@rollup/rollup-linux-x64-gnu/-/rollup-linux-x64-gnu-4.18.0.tgz",
      "integrity": "sha512-v9yK2z2e+YdZKcgxvi4ZpW9/l6n5xS/yK0403x0h7uSCzM4p3BvTBhL2gPZgI3w23Qd1A488V/vM+QzI5g==",
      "cpu": [
        "x64"
      ],
      "dev": true,
      "license": "MIT",
      "optional": true,
      "os": [
        "linux"
      ],
      "engines": {
        "node": ">=18.0.0"
      }
    },
    "node_modules/@rollup/rollup-linux-x64-musl": {
      "version": "4.18.0",
      "resolved": "https://registry.npmjs.org/@rollup/rollup-linux-x64-musl/-/rollup-linux-x64-musl-4.18.0.tgz",
      "integrity": "sha512-c2eR6L5Jg6/9Kx1S1JxgQ2I//tS4drtIuDIdKbeIawDtgFh8L1p/P4uJjZpOF2zYFwT9P1J52Xg/y/E1p+GvZw==",
      "cpu": [
        "x64"
      ],
      "dev": true,
      "license": "MIT",
      "optional": true,
      "os": [
        "linux"
      ],
      "engines": {
        "node": ">=18.0.0"
      }
    },
    "node_modules/@rollup/rollup-win32-arm64-msvc": {
      "version": "4.18.0",
      "resolved": "https://registry.npmjs.org/@rollup/rollup-win32-arm64-msvc/-/rollup-win32-arm64-msvc-4.18.0.tgz",
      "integrity": "sha512-XwLw383dO3p+h/C1f8y9Xn/uCq2b1aP/ABnZzLhW801BVRkF/g2u3JvAzE9Y/D9XkCjT2lCj2yB/wRzVlA==",
      "cpu": [
        "arm64"
      ],
      "dev": true,
      "license": "MIT",
      "optional": true,
      "os": [
        "win32"
      ],
      "engines": {
        "node": ">=18.0.0"
      }
    },
    "node_modules/@rollup/rollup-win32-ia32-msvc": {
      "version": "4.18.0",
      "resolved": "https://registry.npmjs.org/@rollup/rollup-win32-ia32-msvc/-/rollup-win32-ia32-msvc-4.18.0.tgz",
      "integrity": "sha512-5vXkQ+t3/uCxgZk2xP2U74dJqjLwI8jR2e/Ld6NBV0X8+20D1u+M/s4w1iA2IHi3iK285dE3N+l2G11dg==",
      "cpu": [
        "ia32"
      ],
      "dev": true,
      "license": "MIT",
      "optional": true,
      "os": [
        "win32"
      ],
      "engines": {
        "node": ">=18.0.0"
      }
    },
    "node_modules/@rollup/rollup-win32-x64-msvc": {
      "version": "4.18.0",
      "resolved": "https://registry.npmjs.org/@rollup/rollup-win32-x64-msvc/-/rollup-win32-x64-msvc-4.18.0.tgz",
      "integrity": "sha512-s/aD62wOXZtX/Bw8hV7jcb6yfTC7C+cIFLR1G99f2aDBk/++sH0LgEVkKnm0kzbCl3d/wLwz4Jb4sH+iU0S76g==",
      "cpu": [
        "x64"
      ],
      "dev": true,
      "license": "MIT",
      "optional": true,
      "os": [
        "win32"
      ],
      "engines": {
        "node": ">=18.0.0"
      }
    },
    "node_modules/@types/node": {
      "version": "20.14.2",
      "resolved": "https://registry.npmjs.org/@types/node/-/node-20.14.2.tgz",
      "integrity": "sha512-xyu6sSRprrSAf3wsILhQBCWVS1XoDN3yQcr2664pr3GPhsb3aEBOpygBSQitpo2Qs0sP13KzG5jsSoEw13LtpQ==",
      "dev": true,
      "license": "MIT",
      "dependencies": {
        "undici-types": "~5.26.4"
      }
    },
    "node_modules/@types/prop-types": {
      "version": "15.7.12",
      "resolved": "https://registry.npmjs.org/@types/prop-types/-/prop-types-15.7.12.tgz",
      "integrity": "sha512-5zvhXYS3icfNlvmqgABkS4dSlTTMyxQtCwKmoS/7nZa3NxmpI4kQpHG+E/dC5aGIYwGK29d6lWsdP0L7pI/yAw==",
      "dev": true,
      "license": "MIT"
    },
    "node_modules/@types/react": {
      "version": "18.3.3",
      "resolved": "https://registry.npmjs.org/@types/react/-/react-18.3.3.tgz",
      "integrity": "sha512-hti/R0pS0q1/xx+TsI73AbQRVoezYlKpjAlC23Wn3iH2KKH3oM1b40piESrL+A3KshD2g5i/L0kQGoL3EI4W4w==",
      "dev": true,
      "license": "MIT",
      "dependencies": {
        "@types/prop-types": "*",
        "csstype": "^3.0.2"
      }
    },
    "node_modules/@types/react-dom": {
      "version": "18.3.0",
      "resolved": "https://registry.npmjs.org/@types/react-dom/-/react-dom-18.3.0.tgz",
      "integrity": "sha512-EhwApuTmMBm4C5R3oTkk2iSAZtLo2WJk72MRkflUH+V2zYmouTxfKzD3n2NjBw+iKtcJEMubvobwtnz2/3N7+Q==",
      "dev": true,
      "license": "MIT",
      "dependencies": {
        "@types/react": "*"
      }
    },
    "node_modules/@vitejs/plugin-react": {
      "version": "4.3.1",
      "resolved": "https://registry.npmjs.org/@vitejs/plugin-react/-/plugin-react-4.3.1.tgz",
      "integrity": "sha512-s5LzTfxFFt02fPywP/2JktoM7/M+ocdlA4wE5xOgn2iDb/btHxigNpLeD5o+a2T4kUOxv20vTRg9M+xnJ0gWnA==",
      "dev": true,
      "license": "MIT",
      "dependencies": {
        "@babel/parser": "^7.23.0",
        "estree-walker": "^2.0.2"
      },
      "peerDependencies": {
        "react-refresh": "^0.11.0 || ^0.12.0 || ^0.13.0 || ^0.14.0",
        "vite": "^3.0.0 || ^4.0.0 || ^5.0.0"
      },
      "peerDependenciesMeta": {
        "react-refresh": {
          "optional": true
        }
      }
    },
    "node_modules/csstype": {
      "version": "3.1.3",
      "resolved": "https://registry.npmjs.org/csstype/-/csstype-3.1.3.tgz",
      "integrity": "sha512-M1uQkMl8rQK/szD0LNhtcwDiAftSIV6AgchflIDhr/P5DAWHIOZhFokTpi/hFj+jP1jVfHwL3dcA9kPG5s6wZA==",
      "dev": true,
      "license": "MIT"
    },
    "node_modules/esbuild": {
      "version": "0.21.5",
      "resolved": "https://registry.npmjs.org/esbuild/-/esbuild-0.21.5.tgz",
      "integrity": "sha512-P/FfTAn2z2w8u4gC06J4m7q4a/so4z2b1yqDAZtRS/gT2cFb5zqL48fPzkeSo232d3T94yTC813a1r8nMY5gAw==",
      "cpu": [
        "arm64",
        "x64"
      ],
      "dev": true,
      "hasInstallScript": true,
      "license": "MIT",
      "optional": true,
      "os": [
        "darwin",
        "linux"
      ],
      "bin": {
        "esbuild": "bin/esbuild"
      },
      "engines": {
        "node": ">=12"
      }
    },
    "node_modules/estree-walker": {
      "version": "2.0.2",
      "resolved": "https://registry.npmjs.org/estree-walker/-/estree-walker-2.0.2.tgz",
      "integrity": "sha512-pL+N2UvVftg90a5eW15i1pPzs+E/d4zZZa6yvPcSxlhL2uoo/LUS9K+3y6xryKz8dYt2f534/T3v2FPAS1b4g==",
      "dev": true,
      "license": "MIT"
    },
    "node_modules/fsevents": {
      "version": "2.3.3",
      "resolved": "https://registry.npmjs.org/fsevents/-/fsevents-2.3.3.tgz",
      "integrity": "sha512-5rrqanwRArtJWEJ2kLPaF3ESaA2pDV+zTmOJpD3q3oIFAkscz0aLDsEEOaIu5eLz+zK3s64s6i2uYx2kC12srg==",
      "cpu": [
        "arm64",
        "x64"
      ],
      "dev": true,
      "hasInstallScript": true,
      "license": "MIT",
      "optional": true,
      "os": [
        "darwin"
      ],
      "engines": {
        "node": "^8.16.0 || ^10.6.0 || >=11.0.0"
      }
    },
    "node_modules/js-tokens": {
      "version": "4.0.0",
      "resolved": "https://registry.npmjs.org/js-tokens/-/js-tokens-4.0.0.tgz",
      "integrity": "sha512-RdJUflcE3cUzKiMqQgsCu06FPu9UdIJO0beYbPhHN4k6apgJtifcoCtT9bcxOpYBtpD2kCM6Sbzg4CausW/PKQ==",
      "license": "MIT"
    },
    "node_modules/loose-envify": {
      "version": "1.4.0",
      "resolved": "https://registry.npmjs.org/loose-envify/-/loose-envify-1.4.0.tgz",
      "integrity": "sha512-lyuxPGr/Wfhrlem2CL/UcnUc1zcqKAImBDzukY7Y5F/yQiNdBRNrdEM2vPFfBwNNOUga4dp9gW6cyitdkPronA==",
      "license": "MIT",
      "dependencies": {
        "js-tokens": "^3.0.0 || ^4.0.0"
      },
      "bin": {
        "loose-envify": "cli.js"
      }
    },
    "node_modules/nanoid": {
      "version": "3.3.7",
      "resolved": "https://registry.npmjs.org/nanoid/-/nanoid-3.3.7.tgz",
      "integrity": "sha512-eSP3bLGKxOa16yCx3L9D2s32G2/7N2X2v2k2ywsTAiM1W4k78b1zZGNO7mYg2e2h3ur2yi3I4Kj38PSoaflusg==",
      "dev": true,
      "funding": [
        {
          "type": "github",
          "url": "https://github.com/sponsors/ai"
        }
      ],
      "license": "MIT",
      "bin": {
        "nanoid": "bin/nanoid.js"
      },
      "engines": {
        "node": "^10 || ^12 || ^13.7 || ^14 || >=15.0.1"
      }
    },
    "node_modules/picocolors": {
      "version": "1.0.1",
      "resolved": "https://registry.npmjs.org/picocolors/-/picocolors-1.0.1.tgz",
      "integrity": "sha512-anQDJ0D4r3bQWTo3apxcF+9Jkea+iuaPaOyKzE5iAInpe4gQi+2sWI5p+4z3d2S30y0Edwds2C3D1U8en4+g4A==",
      "dev": true,
      "license": "ISC"
    },
    "node_modules/postcss": {
      "version": "8.4.39",
      "resolved": "https://registry.npmjs.org/postcss/-/postcss-8.4.39.tgz",
      "integrity": "sha512-y2Jp8MR2YSpct2GDJpPzP313+vj13jmcEKKU6P8Jj3s0GIAoG/3fPXO8Qf1bJKx6KxLgZf1u1KZu7TqZ0lK1jQ==",
      "dev": true,
      "funding": [
        {
          "type": "opencollective",
          "url": "https://opencollective.com/postcss/"
        },
        {
          "type": "tidelift",
          "url": "https://tidelift.com/funding/github/npm/postcss"
        },
        {
          "type": "github",
          "url": "https://github.com/sponsors/ai"
        }
      ],
      "license": "MIT",
      "dependencies": {
        "nanoid": "^3.3.7",
        "picocolors": "^1.0.1",
        "source-map-js": "^1.2.0"
      },
      "engines": {
        "node": "^12.0 || ^14.0 || >=16.0"
      }
    },
    "node_modules/react": {
      "version": "18.2.0",
      "resolved": "https://registry.npmjs.org/react/-/react-18.2.0.tgz",
      "integrity": "sha512-/3IjMdbBscBHeOoA48lT2oaMFNqEuGRNWtefgCawN2u4ZOP2s0tAqVL/8rD+Clb6HtwNuDFCpWs1OrMCgKSs EntA==",
      "dependencies": {
        "loose-envify": "^1.1.0"
      },
      "engines": {
        "node": ">=0.10.0"
      }
    },
    "node_modules/react-dom": {
      "version": "18.2.0",
      "resolved": "https://registry.npmjs.org/react-dom/-/react-dom-18.2.0.tgz",
      "integrity": "sha512-6IMs9SQDbVjNdIe3KY+fLG+s5+RseDRscwAl6T1e+Sn1KNHADXdNnmmFj4GELLDce563sdSKpOcv2ML+AlV8Iw==",
      "dependencies": {
        "loose-envify": "^1.1.0",
        "scheduler": "^0.23.0"
      },
      "peerDependencies": {
        "react": "^18.2.0"
      }
    },
    "node_modules/react-router": {
      "version": "6.25.1",
      "resolved": "https://registry.npmjs.org/react-router/-/react-router-6.25.1.tgz",
      "integrity": "sha512-G+0tfdk4Q1nRei5uE1w0e2aD//20u+vYkLQa8bAhS0n/N2KPfVqjN6z+z+111D0k4tA4+mQpUv20hVdG+2Y9XQ==",
      "license": "MIT",
      "engines": {
        "node": ">=14.0.0"
      },
      "peerDependencies": {
        "react": ">=16.8"
      }
    },
    "node_modules/react-router-dom": {
      "version": "6.25.1",
      "resolved": "https://registry.npmjs.org/react-router-dom/-/react-router-dom-6.25.1.tgz",
      "integrity": "sha512-Y/lT3Q1/aHk4b1gGvO4y+Yhf3TVSk4x4G+eY6D1y3+tD0yD+S6b3GgJqU8/+XbC5wAjtH1L33gT348t+w==",
      "license": "MIT",
      "dependencies": {
        "react-router": "6.25.1"
      },
      "engines": {
        "node": ">=14.0.0"
      },
      "peerDependencies": {
        "react": ">=16.8",
        "react-dom": ">=16.8"
      }
    },
    "node_modules/rollup": {
      "version": "4.18.0",
      "resolved": "https://registry.npmjs.org/rollup/-/rollup-4.18.0.tgz",
      "integrity": "sha512-RlUc07H33E/I34a2eG4t0S2QG3/3m3zV+VR8LXj4a2x3rW28sTjO9Zp6SlV/91/sTj2P28ZLX2QeA04PAA==",
      "dev": true,
      "funding": [
        {
          "type": "opencollective",
          "url": "https://opencollective.com/rollup"
        }
      ],
      "license": "MIT",
      "bin": {
        "rollup": "dist/bin/rollup"
      },
      "engines": {
        "node": ">=18.0.0",
        "npm": ">=8.0.0"
      },
      "optionalDependencies": {
        "@rollup/rollup-android-arm-eabi": "4.18.0",
        "@rollup/rollup-android-arm64": "4.18.0",
        "@rollup/rollup-darwin-arm64": "4.18.0",
        "@rollup/rollup-darwin-x64": "4.18.0",
        "@rollup/rollup-linux-arm-gnueabihf": "4.18.0",
        "@rollup/rollup-linux-arm64-gnu": "4.18.0",
        "@rollup/rollup-linux-arm64-musl": "4.18.0",
        "@rollup/rollup-linux-x64-gnu": "4.18.0",
        "@rollup/rollup-linux-x64-musl": "4.18.0",
        "@rollup/rollup-win32-arm64-msvc": "4.18.0",
        "@rollup/rollup-win32-ia32-msvc": "4.18.0",
        "@rollup/rollup-win32-x64-msvc": "4.18.0",
        "fsevents": "~2.3.2"
      }
    },
    "node_modules/scheduler": {
      "version": "0.23.2",
      "resolved": "https://registry.npmjs.org/scheduler/-/scheduler-0.23.2.tgz",
      "integrity": "sha512-E0D/c1I082aD3i3r2s2n2ifd3ZSf/33IJp4A7iJGxgyLwFWEQd4xlfgJ/hfCXPn38i84eW/Nd+p1otfkjQ8Nlw==",
      "license": "MIT",
      "dependencies": {
        "loose-envify": "^1.1.0"
      }
    },
    "node_modules/source-map-js": {
      "version": "1.2.0",
      "resolved": "https://registry.npmjs.org/source-map-js/-/source-map-js-1.2.0.tgz",
      "integrity": "sha512-itJW8lvSA0BEpj32WeJ5pP+Q30FPd9alv2NE3AzS74S4sB6Xw/I1a24v/sQn+6A652bLp0m2h4W2PsQIL5DLAQ==",
      "dev": true,
      "license": "BSD-3-Clause",
      "engines": {
        "node": ">=0.10.0"
      }
    },
    "node_modules/typescript": {
      "version": "5.5.3",
      "resolved": "https://registry.npmjs.org/typescript/-/typescript-5.5.3.tgz",
      "integrity": "sha512-ptLSQs2S4EXQl2o6LOBhd2/b+8WpkUfB22PdpQ3eIpNWMjTMsvvIs/zNLS8bqp0Lp+32yNEqhXm1a+8QvWkssQ==",
      "dev": true,
      "license": "Apache-2.0",
      "bin": {
        "tsc": "bin/tsc",
        "tsserver": "bin/tsserver"
      },
      "engines": {
        "node": ">=14.17"
      }
    },
    "node_modules/undici-types": {
      "version": "5.26.5",
      "resolved": "https://registry.npmjs.org/undici-types/-/undici-types-5.26.5.tgz",
      "integrity": "sha512-JlCMO+ehdEIKqlFxk6IfVoAUVmgz7cU7zD/h9XZ0qzeosSHmUJVOzSQvvYSYWXkFXC+IfLKSIffhv0sVZup6pA==",
      "dev": true,
      "license": "MIT"
    },
    "node_modules/vite": {
      "version": "5.3.3",
      "resolved": "https://registry.npmjs.org/vite/-/vite-5.3.3.tgz",
      "integrity": "sha512-9xX0D0dKlWdiBH24Eu8Q55waqL5mXG1T+O3d6Ufubkv91n22u4GNRfDM2v7/cN1o/i6aYrf85GjJ40h5bCYEaw==",
      "dev": true,
      "license": "MIT",
      "dependencies": {
        "esbuild": "^0.21.5",
        "postcss": "^8.4.38",
        "rollup": "^4.17.2"
      },
      "bin": {
        "vite": "bin/vite.js"
      },
      "engines": {
        "node": "^18.0.0 || >=20.0.0"
      },
      "funding": {
        "url": "https://github.com/sponsors/yyx990803"
      },
      "optionalDependencies": {
        "fsevents": "~2.3.2"
      },
      "peerDependencies": {
        "@types/node": ">=18.0.0",
        "less": "*",
        "lightningcss": "^1.21.0",
        "sass": "*",
        "stylus": "*",
        "sugarss": "*",
        "terser": "^5.4.0"
      },
      "peerDependenciesMeta": {
        "@types/node": {
          "optional": true
        },
        "less": {
          "optional": true
        },
        "lightningcss": {
          "optional": true
        },
        "sass": {
          "optional": true
        },
        "stylus": {
          "optional": true
        },
        "sugarss": {
          "optional": true
        },
        "terser": {
          "optional": true
        }
      }
    }
  }
}
